// !$*UTF8*$!
{
	archiveVersion = 1;
	classes = {
	};
	objectVersion = 55;
	objects = {

/* Begin PBXBuildFile section */
		C5C002622A1219BA00DB994F /* Theme.swift in Sources */ = {isa = PBXBuildFile; fileRef = C5C002612A1219BA00DB994F /* Theme.swift */; };
		C5C002632A1219BA00DB994F /* Theme.swift in Sources */ = {isa = PBXBuildFile; fileRef = C5C002612A1219BA00DB994F /* Theme.swift */; };
		C5C002642A1219BA00DB994F /* Theme.swift in Sources */ = {isa = PBXBuildFile; fileRef = C5C002612A1219BA00DB994F /* Theme.swift */; };
		C5C002672A121AE300DB994F /* LightTheme.swift in Sources */ = {isa = PBXBuildFile; fileRef = C5C002662A121AE300DB994F /* LightTheme.swift */; };
		C5C002682A121AE300DB994F /* LightTheme.swift in Sources */ = {isa = PBXBuildFile; fileRef = C5C002662A121AE300DB994F /* LightTheme.swift */; };
		C5C002692A121AE300DB994F /* LightTheme.swift in Sources */ = {isa = PBXBuildFile; fileRef = C5C002662A121AE300DB994F /* LightTheme.swift */; };
		C5C0026C2A12265200DB994F /* Pacifico-Regular.ttf in Resources */ = {isa = PBXBuildFile; fileRef = C5C0026B2A12265200DB994F /* Pacifico-Regular.ttf */; };
		C5C002702A1357D100DB994F /* CommonAppBar.swift in Sources */ = {isa = PBXBuildFile; fileRef = C5C0026F2A1357D100DB994F /* CommonAppBar.swift */; };
		C5D426352A0E12810055AA8C /* WeatherApp.swift in Sources */ = {isa = PBXBuildFile; fileRef = C5D426342A0E12810055AA8C /* WeatherApp.swift */; };
		C5D426372A0E12810055AA8C /* ContentView.swift in Sources */ = {isa = PBXBuildFile; fileRef = C5D426362A0E12810055AA8C /* ContentView.swift */; };
		C5D426392A0E12820055AA8C /* Assets.xcassets in Resources */ = {isa = PBXBuildFile; fileRef = C5D426382A0E12820055AA8C /* Assets.xcassets */; };
		C5D4263C2A0E12820055AA8C /* Preview Assets.xcassets in Resources */ = {isa = PBXBuildFile; fileRef = C5D4263B2A0E12820055AA8C /* Preview Assets.xcassets */; };
		C5D426462A0E12820055AA8C /* WeatherAppTests.swift in Sources */ = {isa = PBXBuildFile; fileRef = C5D426452A0E12820055AA8C /* WeatherAppTests.swift */; };
		C5D426502A0E12820055AA8C /* WeatherAppUITests.swift in Sources */ = {isa = PBXBuildFile; fileRef = C5D4264F2A0E12820055AA8C /* WeatherAppUITests.swift */; };
		C5D426522A0E12820055AA8C /* WeatherAppUITestsLaunchTests.swift in Sources */ = {isa = PBXBuildFile; fileRef = C5D426512A0E12820055AA8C /* WeatherAppUITestsLaunchTests.swift */; };
		C5D426602A0E13AC0055AA8C /* WeatherInfo.swift in Sources */ = {isa = PBXBuildFile; fileRef = C5D4265F2A0E13AC0055AA8C /* WeatherInfo.swift */; };
		C5D426642A0E18870055AA8C /* ApiService.swift in Sources */ = {isa = PBXBuildFile; fileRef = C5D426632A0E18870055AA8C /* ApiService.swift */; };
/* End PBXBuildFile section */

/* Begin PBXContainerItemProxy section */
		C5D426422A0E12820055AA8C /* PBXContainerItemProxy */ = {
			isa = PBXContainerItemProxy;
			containerPortal = C5D426292A0E12810055AA8C /* Project object */;
			proxyType = 1;
			remoteGlobalIDString = C5D426302A0E12810055AA8C;
			remoteInfo = WeatherApp;
		};
		C5D4264C2A0E12820055AA8C /* PBXContainerItemProxy */ = {
			isa = PBXContainerItemProxy;
			containerPortal = C5D426292A0E12810055AA8C /* Project object */;
			proxyType = 1;
			remoteGlobalIDString = C5D426302A0E12810055AA8C;
			remoteInfo = WeatherApp;
		};
/* End PBXContainerItemProxy section */

/* Begin PBXFileReference section */
		C5C002612A1219BA00DB994F /* Theme.swift */ = {isa = PBXFileReference; lastKnownFileType = sourcecode.swift; path = Theme.swift; sourceTree = "<group>"; };
		C5C002662A121AE300DB994F /* LightTheme.swift */ = {isa = PBXFileReference; lastKnownFileType = sourcecode.swift; path = LightTheme.swift; sourceTree = "<group>"; };
		C5C0026B2A12265200DB994F /* Pacifico-Regular.ttf */ = {isa = PBXFileReference; lastKnownFileType = file; path = "Pacifico-Regular.ttf"; sourceTree = "<group>"; };
		C5C0026D2A12273A00DB994F /* Info.plist */ = {isa = PBXFileReference; lastKnownFileType = text.plist; path = Info.plist; sourceTree = "<group>"; };
		C5C0026F2A1357D100DB994F /* CommonAppBar.swift */ = {isa = PBXFileReference; lastKnownFileType = sourcecode.swift; path = CommonAppBar.swift; sourceTree = "<group>"; };
		C5D426312A0E12810055AA8C /* WeatherApp.app */ = {isa = PBXFileReference; explicitFileType = wrapper.application; includeInIndex = 0; path = WeatherApp.app; sourceTree = BUILT_PRODUCTS_DIR; };
		C5D426342A0E12810055AA8C /* WeatherApp.swift */ = {isa = PBXFileReference; lastKnownFileType = sourcecode.swift; path = WeatherApp.swift; sourceTree = "<group>"; };
		C5D426362A0E12810055AA8C /* ContentView.swift */ = {isa = PBXFileReference; lastKnownFileType = sourcecode.swift; path = ContentView.swift; sourceTree = "<group>"; };
		C5D426382A0E12820055AA8C /* Assets.xcassets */ = {isa = PBXFileReference; lastKnownFileType = folder.assetcatalog; path = Assets.xcassets; sourceTree = "<group>"; };
		C5D4263B2A0E12820055AA8C /* Preview Assets.xcassets */ = {isa = PBXFileReference; lastKnownFileType = folder.assetcatalog; path = "Preview Assets.xcassets"; sourceTree = "<group>"; };
		C5D426412A0E12820055AA8C /* WeatherAppTests.xctest */ = {isa = PBXFileReference; explicitFileType = wrapper.cfbundle; includeInIndex = 0; path = WeatherAppTests.xctest; sourceTree = BUILT_PRODUCTS_DIR; };
		C5D426452A0E12820055AA8C /* WeatherAppTests.swift */ = {isa = PBXFileReference; lastKnownFileType = sourcecode.swift; path = WeatherAppTests.swift; sourceTree = "<group>"; };
		C5D4264B2A0E12820055AA8C /* WeatherAppUITests.xctest */ = {isa = PBXFileReference; explicitFileType = wrapper.cfbundle; includeInIndex = 0; path = WeatherAppUITests.xctest; sourceTree = BUILT_PRODUCTS_DIR; };
		C5D4264F2A0E12820055AA8C /* WeatherAppUITests.swift */ = {isa = PBXFileReference; lastKnownFileType = sourcecode.swift; path = WeatherAppUITests.swift; sourceTree = "<group>"; };
		C5D426512A0E12820055AA8C /* WeatherAppUITestsLaunchTests.swift */ = {isa = PBXFileReference; lastKnownFileType = sourcecode.swift; path = WeatherAppUITestsLaunchTests.swift; sourceTree = "<group>"; };
		C5D4265F2A0E13AC0055AA8C /* WeatherInfo.swift */ = {isa = PBXFileReference; lastKnownFileType = sourcecode.swift; path = WeatherInfo.swift; sourceTree = "<group>"; };
		C5D426632A0E18870055AA8C /* ApiService.swift */ = {isa = PBXFileReference; lastKnownFileType = sourcecode.swift; path = ApiService.swift; sourceTree = "<group>"; };
/* End PBXFileReference section */

/* Begin PBXFrameworksBuildPhase section */
		C5D4262E2A0E12810055AA8C /* Frameworks */ = {
			isa = PBXFrameworksBuildPhase;
			buildActionMask = 2147483647;
			files = (
			);
			runOnlyForDeploymentPostprocessing = 0;
		};
		C5D4263E2A0E12820055AA8C /* Frameworks */ = {
			isa = PBXFrameworksBuildPhase;
			buildActionMask = 2147483647;
			files = (
			);
			runOnlyForDeploymentPostprocessing = 0;
		};
		C5D426482A0E12820055AA8C /* Frameworks */ = {
			isa = PBXFrameworksBuildPhase;
			buildActionMask = 2147483647;
			files = (
			);
			runOnlyForDeploymentPostprocessing = 0;
		};
/* End PBXFrameworksBuildPhase section */

/* Begin PBXGroup section */
		C5C002652A121AB600DB994F /* Theme */ = {
			isa = PBXGroup;
			children = (
				C5C002612A1219BA00DB994F /* Theme.swift */,
				C5C002662A121AE300DB994F /* LightTheme.swift */,
			);
			path = Theme;
			sourceTree = "<group>";
		};
		C5C0026A2A12261F00DB994F /* Font */ = {
			isa = PBXGroup;
			children = (
				C5C0026B2A12265200DB994F /* Pacifico-Regular.ttf */,
			);
			path = Font;
			sourceTree = "<group>";
		};
		C5C0026E2A1357C200DB994F /* Component */ = {
			isa = PBXGroup;
			children = (
				C5C0026F2A1357D100DB994F /* CommonAppBar.swift */,
			);
			path = Component;
			sourceTree = "<group>";
		};
		C5D426282A0E12810055AA8C = {
			isa = PBXGroup;
			children = (
				C5D426332A0E12810055AA8C /* WeatherApp */,
				C5D426442A0E12820055AA8C /* WeatherAppTests */,
				C5D4264E2A0E12820055AA8C /* WeatherAppUITests */,
				C5D426322A0E12810055AA8C /* Products */,
			);
			sourceTree = "<group>";
		};
		C5D426322A0E12810055AA8C /* Products */ = {
			isa = PBXGroup;
			children = (
				C5D426312A0E12810055AA8C /* WeatherApp.app */,
				C5D426412A0E12820055AA8C /* WeatherAppTests.xctest */,
				C5D4264B2A0E12820055AA8C /* WeatherAppUITests.xctest */,
			);
			name = Products;
			sourceTree = "<group>";
		};
		C5D426332A0E12810055AA8C /* WeatherApp */ = {
			isa = PBXGroup;
			children = (
				C5C0026E2A1357C200DB994F /* Component */,
				C5C0026D2A12273A00DB994F /* Info.plist */,
				C5C0026A2A12261F00DB994F /* Font */,
				C5C002652A121AB600DB994F /* Theme */,
				C5D426622A0E186D0055AA8C /* ApiService */,
				C5D4265E2A0E137C0055AA8C /* Entities */,
				C5D426342A0E12810055AA8C /* WeatherApp.swift */,
				C5D426362A0E12810055AA8C /* ContentView.swift */,
				C5D426382A0E12820055AA8C /* Assets.xcassets */,
				C5D4263A2A0E12820055AA8C /* Preview Content */,
			);
			path = WeatherApp;
			sourceTree = "<group>";
		};
		C5D4263A2A0E12820055AA8C /* Preview Content */ = {
			isa = PBXGroup;
			children = (
				C5D4263B2A0E12820055AA8C /* Preview Assets.xcassets */,
			);
			path = "Preview Content";
			sourceTree = "<group>";
		};
		C5D426442A0E12820055AA8C /* WeatherAppTests */ = {
			isa = PBXGroup;
			children = (
				C5D426452A0E12820055AA8C /* WeatherAppTests.swift */,
			);
			path = WeatherAppTests;
			sourceTree = "<group>";
		};
		C5D4264E2A0E12820055AA8C /* WeatherAppUITests */ = {
			isa = PBXGroup;
			children = (
				C5D4264F2A0E12820055AA8C /* WeatherAppUITests.swift */,
				C5D426512A0E12820055AA8C /* WeatherAppUITestsLaunchTests.swift */,
			);
			path = WeatherAppUITests;
			sourceTree = "<group>";
		};
		C5D4265E2A0E137C0055AA8C /* Entities */ = {
			isa = PBXGroup;
			children = (
				C5D4265F2A0E13AC0055AA8C /* WeatherInfo.swift */,
			);
			name = Entities;
			sourceTree = "<group>";
		};
		C5D426622A0E186D0055AA8C /* ApiService */ = {
			isa = PBXGroup;
			children = (
				C5D426632A0E18870055AA8C /* ApiService.swift */,
			);
			path = ApiService;
			sourceTree = "<group>";
		};
/* End PBXGroup section */

/* Begin PBXNativeTarget section */
		C5D426302A0E12810055AA8C /* WeatherApp */ = {
			isa = PBXNativeTarget;
			buildConfigurationList = C5D426552A0E12820055AA8C /* Build configuration list for PBXNativeTarget "WeatherApp" */;
			buildPhases = (
				C5D4262D2A0E12810055AA8C /* Sources */,
				C5D4262E2A0E12810055AA8C /* Frameworks */,
				C5D4262F2A0E12810055AA8C /* Resources */,
			);
			buildRules = (
			);
			dependencies = (
			);
			name = WeatherApp;
			productName = WeatherApp;
			productReference = C5D426312A0E12810055AA8C /* WeatherApp.app */;
			productType = "com.apple.product-type.application";
		};
		C5D426402A0E12820055AA8C /* WeatherAppTests */ = {
			isa = PBXNativeTarget;
			buildConfigurationList = C5D426582A0E12820055AA8C /* Build configuration list for PBXNativeTarget "WeatherAppTests" */;
			buildPhases = (
				C5D4263D2A0E12820055AA8C /* Sources */,
				C5D4263E2A0E12820055AA8C /* Frameworks */,
				C5D4263F2A0E12820055AA8C /* Resources */,
			);
			buildRules = (
			);
			dependencies = (
				C5D426432A0E12820055AA8C /* PBXTargetDependency */,
			);
			name = WeatherAppTests;
			productName = WeatherAppTests;
			productReference = C5D426412A0E12820055AA8C /* WeatherAppTests.xctest */;
			productType = "com.apple.product-type.bundle.unit-test";
		};
		C5D4264A2A0E12820055AA8C /* WeatherAppUITests */ = {
			isa = PBXNativeTarget;
			buildConfigurationList = C5D4265B2A0E12820055AA8C /* Build configuration list for PBXNativeTarget "WeatherAppUITests" */;
			buildPhases = (
				C5D426472A0E12820055AA8C /* Sources */,
				C5D426482A0E12820055AA8C /* Frameworks */,
				C5D426492A0E12820055AA8C /* Resources */,
			);
			buildRules = (
			);
			dependencies = (
				C5D4264D2A0E12820055AA8C /* PBXTargetDependency */,
			);
			name = WeatherAppUITests;
			productName = WeatherAppUITests;
			productReference = C5D4264B2A0E12820055AA8C /* WeatherAppUITests.xctest */;
			productType = "com.apple.product-type.bundle.ui-testing";
		};
/* End PBXNativeTarget section */

/* Begin PBXProject section */
		C5D426292A0E12810055AA8C /* Project object */ = {
			isa = PBXProject;
			attributes = {
				BuildIndependentTargetsInParallel = 1;
				LastSwiftUpdateCheck = 1340;
				LastUpgradeCheck = 1340;
				TargetAttributes = {
					C5D426302A0E12810055AA8C = {
						CreatedOnToolsVersion = 13.4;
					};
					C5D426402A0E12820055AA8C = {
						CreatedOnToolsVersion = 13.4;
						TestTargetID = C5D426302A0E12810055AA8C;
					};
					C5D4264A2A0E12820055AA8C = {
						CreatedOnToolsVersion = 13.4;
						TestTargetID = C5D426302A0E12810055AA8C;
					};
				};
			};
			buildConfigurationList = C5D4262C2A0E12810055AA8C /* Build configuration list for PBXProject "WeatherApp" */;
			compatibilityVersion = "Xcode 13.0";
			developmentRegion = en;
			hasScannedForEncodings = 0;
			knownRegions = (
				en,
				Base,
			);
			mainGroup = C5D426282A0E12810055AA8C;
			productRefGroup = C5D426322A0E12810055AA8C /* Products */;
			projectDirPath = "";
			projectRoot = "";
			targets = (
				C5D426302A0E12810055AA8C /* WeatherApp */,
				C5D426402A0E12820055AA8C /* WeatherAppTests */,
				C5D4264A2A0E12820055AA8C /* WeatherAppUITests */,
			);
		};
/* End PBXProject section */

/* Begin PBXResourcesBuildPhase section */
		C5D4262F2A0E12810055AA8C /* Resources */ = {
			isa = PBXResourcesBuildPhase;
			buildActionMask = 2147483647;
			files = (
				C5C0026C2A12265200DB994F /* Pacifico-Regular.ttf in Resources */,
				C5D4263C2A0E12820055AA8C /* Preview Assets.xcassets in Resources */,
				C5D426392A0E12820055AA8C /* Assets.xcassets in Resources */,
			);
			runOnlyForDeploymentPostprocessing = 0;
		};
		C5D4263F2A0E12820055AA8C /* Resources */ = {
			isa = PBXResourcesBuildPhase;
			buildActionMask = 2147483647;
			files = (
			);
			runOnlyForDeploymentPostprocessing = 0;
		};
		C5D426492A0E12820055AA8C /* Resources */ = {
			isa = PBXResourcesBuildPhase;
			buildActionMask = 2147483647;
			files = (
			);
			runOnlyForDeploymentPostprocessing = 0;
		};
/* End PBXResourcesBuildPhase section */

/* Begin PBXSourcesBuildPhase section */
		C5D4262D2A0E12810055AA8C /* Sources */ = {
			isa = PBXSourcesBuildPhase;
			buildActionMask = 2147483647;
			files = (
				C5C002672A121AE300DB994F /* LightTheme.swift in Sources */,
				C5D426372A0E12810055AA8C /* ContentView.swift in Sources */,
				C5D426352A0E12810055AA8C /* WeatherApp.swift in Sources */,
				C5C002622A1219BA00DB994F /* Theme.swift in Sources */,
				C5D426642A0E18870055AA8C /* ApiService.swift in Sources */,
				C5C002702A1357D100DB994F /* CommonAppBar.swift in Sources */,
				C5D426602A0E13AC0055AA8C /* WeatherInfo.swift in Sources */,
			);
			runOnlyForDeploymentPostprocessing = 0;
		};
		C5D4263D2A0E12820055AA8C /* Sources */ = {
			isa = PBXSourcesBuildPhase;
			buildActionMask = 2147483647;
			files = (
				C5C002682A121AE300DB994F /* LightTheme.swift in Sources */,
				C5D426462A0E12820055AA8C /* WeatherAppTests.swift in Sources */,
				C5C002632A1219BA00DB994F /* Theme.swift in Sources */,
			);
			runOnlyForDeploymentPostprocessing = 0;
		};
		C5D426472A0E12820055AA8C /* Sources */ = {
			isa = PBXSourcesBuildPhase;
			buildActionMask = 2147483647;
			files = (
				C5C002692A121AE300DB994F /* LightTheme.swift in Sources */,
				C5C002642A1219BA00DB994F /* Theme.swift in Sources */,
				C5D426502A0E12820055AA8C /* WeatherAppUITests.swift in Sources */,
				C5D426522A0E12820055AA8C /* WeatherAppUITestsLaunchTests.swift in Sources */,
			);
			runOnlyForDeploymentPostprocessing = 0;
		};
/* End PBXSourcesBuildPhase section */

/* Begin PBXTargetDependency section */
		C5D426432A0E12820055AA8C /* PBXTargetDependency */ = {
			isa = PBXTargetDependency;
			target = C5D426302A0E12810055AA8C /* WeatherApp */;
			targetProxy = C5D426422A0E12820055AA8C /* PBXContainerItemProxy */;
		};
		C5D4264D2A0E12820055AA8C /* PBXTargetDependency */ = {
			isa = PBXTargetDependency;
			target = C5D426302A0E12810055AA8C /* WeatherApp */;
			targetProxy = C5D4264C2A0E12820055AA8C /* PBXContainerItemProxy */;
		};
/* End PBXTargetDependency section */

/* Begin XCBuildConfiguration section */
		C5D426532A0E12820055AA8C /* Debug */ = {
			isa = XCBuildConfiguration;
			buildSettings = {
				ALWAYS_SEARCH_USER_PATHS = NO;
				CLANG_ANALYZER_NONNULL = YES;
				CLANG_ANALYZER_NUMBER_OBJECT_CONVERSION = YES_AGGRESSIVE;
				CLANG_CXX_LANGUAGE_STANDARD = "gnu++17";
				CLANG_ENABLE_MODULES = YES;
				CLANG_ENABLE_OBJC_ARC = YES;
				CLANG_ENABLE_OBJC_WEAK = YES;
				CLANG_WARN_BLOCK_CAPTURE_AUTORELEASING = YES;
				CLANG_WARN_BOOL_CONVERSION = YES;
				CLANG_WARN_COMMA = YES;
				CLANG_WARN_CONSTANT_CONVERSION = YES;
				CLANG_WARN_DEPRECATED_OBJC_IMPLEMENTATIONS = YES;
				CLANG_WARN_DIRECT_OBJC_ISA_USAGE = YES_ERROR;
				CLANG_WARN_DOCUMENTATION_COMMENTS = YES;
				CLANG_WARN_EMPTY_BODY = YES;
				CLANG_WARN_ENUM_CONVERSION = YES;
				CLANG_WARN_INFINITE_RECURSION = YES;
				CLANG_WARN_INT_CONVERSION = YES;
				CLANG_WARN_NON_LITERAL_NULL_CONVERSION = YES;
				CLANG_WARN_OBJC_IMPLICIT_RETAIN_SELF = YES;
				CLANG_WARN_OBJC_LITERAL_CONVERSION = YES;
				CLANG_WARN_OBJC_ROOT_CLASS = YES_ERROR;
				CLANG_WARN_QUOTED_INCLUDE_IN_FRAMEWORK_HEADER = YES;
				CLANG_WARN_RANGE_LOOP_ANALYSIS = YES;
				CLANG_WARN_STRICT_PROTOTYPES = YES;
				CLANG_WARN_SUSPICIOUS_MOVE = YES;
				CLANG_WARN_UNGUARDED_AVAILABILITY = YES_AGGRESSIVE;
				CLANG_WARN_UNREACHABLE_CODE = YES;
				CLANG_WARN__DUPLICATE_METHOD_MATCH = YES;
				COPY_PHASE_STRIP = NO;
				DEBUG_INFORMATION_FORMAT = dwarf;
				ENABLE_STRICT_OBJC_MSGSEND = YES;
				ENABLE_TESTABILITY = YES;
				GCC_C_LANGUAGE_STANDARD = gnu11;
				GCC_DYNAMIC_NO_PIC = NO;
				GCC_NO_COMMON_BLOCKS = YES;
				GCC_OPTIMIZATION_LEVEL = 0;
				GCC_PREPROCESSOR_DEFINITIONS = (
					"DEBUG=1",
					"$(inherited)",
				);
				GCC_WARN_64_TO_32_BIT_CONVERSION = YES;
				GCC_WARN_ABOUT_RETURN_TYPE = YES_ERROR;
				GCC_WARN_UNDECLARED_SELECTOR = YES;
				GCC_WARN_UNINITIALIZED_AUTOS = YES_AGGRESSIVE;
				GCC_WARN_UNUSED_FUNCTION = YES;
				GCC_WARN_UNUSED_VARIABLE = YES;
				IPHONEOS_DEPLOYMENT_TARGET = 15.5;
				MTL_ENABLE_DEBUG_INFO = INCLUDE_SOURCE;
				MTL_FAST_MATH = YES;
				ONLY_ACTIVE_ARCH = YES;
				SDKROOT = iphoneos;
				SWIFT_ACTIVE_COMPILATION_CONDITIONS = DEBUG;
				SWIFT_OPTIMIZATION_LEVEL = "-Onone";
			};
			name = Debug;
		};
		C5D426542A0E12820055AA8C /* Release */ = {
			isa = XCBuildConfiguration;
			buildSettings = {
				ALWAYS_SEARCH_USER_PATHS = NO;
				CLANG_ANALYZER_NONNULL = YES;
				CLANG_ANALYZER_NUMBER_OBJECT_CONVERSION = YES_AGGRESSIVE;
				CLANG_CXX_LANGUAGE_STANDARD = "gnu++17";
				CLANG_ENABLE_MODULES = YES;
				CLANG_ENABLE_OBJC_ARC = YES;
				CLANG_ENABLE_OBJC_WEAK = YES;
				CLANG_WARN_BLOCK_CAPTURE_AUTORELEASING = YES;
				CLANG_WARN_BOOL_CONVERSION = YES;
				CLANG_WARN_COMMA = YES;
				CLANG_WARN_CONSTANT_CONVERSION = YES;
				CLANG_WARN_DEPRECATED_OBJC_IMPLEMENTATIONS = YES;
				CLANG_WARN_DIRECT_OBJC_ISA_USAGE = YES_ERROR;
				CLANG_WARN_DOCUMENTATION_COMMENTS = YES;
				CLANG_WARN_EMPTY_BODY = YES;
				CLANG_WARN_ENUM_CONVERSION = YES;
				CLANG_WARN_INFINITE_RECURSION = YES;
				CLANG_WARN_INT_CONVERSION = YES;
				CLANG_WARN_NON_LITERAL_NULL_CONVERSION = YES;
				CLANG_WARN_OBJC_IMPLICIT_RETAIN_SELF = YES;
				CLANG_WARN_OBJC_LITERAL_CONVERSION = YES;
				CLANG_WARN_OBJC_ROOT_CLASS = YES_ERROR;
				CLANG_WARN_QUOTED_INCLUDE_IN_FRAMEWORK_HEADER = YES;
				CLANG_WARN_RANGE_LOOP_ANALYSIS = YES;
				CLANG_WARN_STRICT_PROTOTYPES = YES;
				CLANG_WARN_SUSPICIOUS_MOVE = YES;
				CLANG_WARN_UNGUARDED_AVAILABILITY = YES_AGGRESSIVE;
				CLANG_WARN_UNREACHABLE_CODE = YES;
				CLANG_WARN__DUPLICATE_METHOD_MATCH = YES;
				COPY_PHASE_STRIP = NO;
				DEBUG_INFORMATION_FORMAT = "dwarf-with-dsym";
				ENABLE_NS_ASSERTIONS = NO;
				ENABLE_STRICT_OBJC_MSGSEND = YES;
				GCC_C_LANGUAGE_STANDARD = gnu11;
				GCC_NO_COMMON_BLOCKS = YES;
				GCC_WARN_64_TO_32_BIT_CONVERSION = YES;
				GCC_WARN_ABOUT_RETURN_TYPE = YES_ERROR;
				GCC_WARN_UNDECLARED_SELECTOR = YES;
				GCC_WARN_UNINITIALIZED_AUTOS = YES_AGGRESSIVE;
				GCC_WARN_UNUSED_FUNCTION = YES;
				GCC_WARN_UNUSED_VARIABLE = YES;
				IPHONEOS_DEPLOYMENT_TARGET = 15.5;
				MTL_ENABLE_DEBUG_INFO = NO;
				MTL_FAST_MATH = YES;
				SDKROOT = iphoneos;
				SWIFT_COMPILATION_MODE = wholemodule;
				SWIFT_OPTIMIZATION_LEVEL = "-O";
				VALIDATE_PRODUCT = YES;
			};
			name = Release;
		};
		C5D426562A0E12820055AA8C /* Debug */ = {
			isa = XCBuildConfiguration;
			buildSettings = {
				ASSETCATALOG_COMPILER_APPICON_NAME = AppIcon;
				ASSETCATALOG_COMPILER_GLOBAL_ACCENT_COLOR_NAME = AccentColor;
				CODE_SIGN_STYLE = Automatic;
				CURRENT_PROJECT_VERSION = 1;
				DEVELOPMENT_ASSET_PATHS = "\"WeatherApp/Preview Content\"";
				ENABLE_PREVIEWS = YES;
				GENERATE_INFOPLIST_FILE = YES;
				INFOPLIST_FILE = WeatherApp/Info.plist;
				INFOPLIST_KEY_UIApplicationSceneManifest_Generation = YES;
				INFOPLIST_KEY_UIApplicationSupportsIndirectInputEvents = YES;
				INFOPLIST_KEY_UILaunchScreen_Generation = YES;
				INFOPLIST_KEY_UISupportedInterfaceOrientations_iPad = "UIInterfaceOrientationPortrait UIInterfaceOrientationPortraitUpsideDown UIInterfaceOrientationLandscapeLeft UIInterfaceOrientationLandscapeRight";
				INFOPLIST_KEY_UISupportedInterfaceOrientations_iPhone = "UIInterfaceOrientationPortrait UIInterfaceOrientationLandscapeLeft UIInterfaceOrientationLandscapeRight";
				LD_RUNPATH_SEARCH_PATHS = (
					"$(inherited)",
					"@executable_path/Frameworks",
				);
				MARKETING_VERSION = 1.0;
				PRODUCT_BUNDLE_IDENTIFIER = dinhtho.WeatherApp;
				PRODUCT_NAME = "$(TARGET_NAME)";
				SWIFT_EMIT_LOC_STRINGS = YES;
				SWIFT_VERSION = 5.0;
				TARGETED_DEVICE_FAMILY = "1,2";
			};
			name = Debug;
		};
		C5D426572A0E12820055AA8C /* Release */ = {
			isa = XCBuildConfiguration;
			buildSettings = {
				ASSETCATALOG_COMPILER_APPICON_NAME = AppIcon;
				ASSETCATALOG_COMPILER_GLOBAL_ACCENT_COLOR_NAME = AccentColor;
				CODE_SIGN_STYLE = Automatic;
				CURRENT_PROJECT_VERSION = 1;
				DEVELOPMENT_ASSET_PATHS = "\"WeatherApp/Preview Content\"";
				ENABLE_PREVIEWS = YES;
				GENERATE_INFOPLIST_FILE = YES;
				INFOPLIST_FILE = WeatherApp/Info.plist;
				INFOPLIST_KEY_UIApplicationSceneManifest_Generation = YES;
				INFOPLIST_KEY_UIApplicationSupportsIndirectInputEvents = YES;
				INFOPLIST_KEY_UILaunchScreen_Generation = YES;
				INFOPLIST_KEY_UISupportedInterfaceOrientations_iPad = "UIInterfaceOrientationPortrait UIInterfaceOrientationPortraitUpsideDown UIInterfaceOrientationLandscapeLeft UIInterfaceOrientationLandscapeRight";
				INFOPLIST_KEY_UISupportedInterfaceOrientations_iPhone = "UIInterfaceOrientationPortrait UIInterfaceOrientationLandscapeLeft UIInterfaceOrientationLandscapeRight";
				LD_RUNPATH_SEARCH_PATHS = (
					"$(inherited)",
					"@executable_path/Frameworks",
				);
				MARKETING_VERSION = 1.0;
				PRODUCT_BUNDLE_IDENTIFIER = dinhtho.WeatherApp;
				PRODUCT_NAME = "$(TARGET_NAME)";
				SWIFT_EMIT_LOC_STRINGS = YES;
				SWIFT_VERSION = 5.0;
				TARGETED_DEVICE_FAMILY = "1,2";
			};
			name = Release;
		};
		C5D426592A0E12820055AA8C /* Debug */ = {
			isa = XCBuildConfiguration;
			buildSettings = {
				ALWAYS_EMBED_SWIFT_STANDARD_LIBRARIES = YES;
				BUNDLE_LOADER = "$(TEST_HOST)";
				CODE_SIGN_STYLE = Automatic;
				CURRENT_PROJECT_VERSION = 1;
				GENERATE_INFOPLIST_FILE = YES;
				IPHONEOS_DEPLOYMENT_TARGET = 15.5;
				MARKETING_VERSION = 1.0;
				PRODUCT_BUNDLE_IDENTIFIER = dinhtho.WeatherAppTests;
				PRODUCT_NAME = "$(TARGET_NAME)";
				SWIFT_EMIT_LOC_STRINGS = NO;
				SWIFT_VERSION = 5.0;
				TARGETED_DEVICE_FAMILY = "1,2";
				TEST_HOST = "$(BUILT_PRODUCTS_DIR)/WeatherApp.app/WeatherApp";
			};
			name = Debug;
		};
		C5D4265A2A0E12820055AA8C /* Release */ = {
			isa = XCBuildConfiguration;
			buildSettings = {
				ALWAYS_EMBED_SWIFT_STANDARD_LIBRARIES = YES;
				BUNDLE_LOADER = "$(TEST_HOST)";
				CODE_SIGN_STYLE = Automatic;
				CURRENT_PROJECT_VERSION = 1;
				GENERATE_INFOPLIST_FILE = YES;
				IPHONEOS_DEPLOYMENT_TARGET = 15.5;
				MARKETING_VERSION = 1.0;
				PRODUCT_BUNDLE_IDENTIFIER = dinhtho.WeatherAppTests;
				PRODUCT_NAME = "$(TARGET_NAME)";
				SWIFT_EMIT_LOC_STRINGS = NO;
				SWIFT_VERSION = 5.0;
				TARGETED_DEVICE_FAMILY = "1,2";
				TEST_HOST = "$(BUILT_PRODUCTS_DIR)/WeatherApp.app/WeatherApp";
			};
			name = Release;
		};
		C5D4265C2A0E12820055AA8C /* Debug */ = {
			isa = XCBuildConfiguration;
			buildSettings = {
				ALWAYS_EMBED_SWIFT_STANDARD_LIBRARIES = YES;
				CODE_SIGN_STYLE = Automatic;
				CURRENT_PROJECT_VERSION = 1;
				GENERATE_INFOPLIST_FILE = YES;
				MARKETING_VERSION = 1.0;
				PRODUCT_BUNDLE_IDENTIFIER = dinhtho.WeatherAppUITests;
				PRODUCT_NAME = "$(TARGET_NAME)";
				SWIFT_EMIT_LOC_STRINGS = NO;
				SWIFT_VERSION = 5.0;
				TARGETED_DEVICE_FAMILY = "1,2";
				TEST_TARGET_NAME = WeatherApp;
			};
			name = Debug;
		};
		C5D4265D2A0E12820055AA8C /* Release */ = {
			isa = XCBuildConfiguration;
			buildSettings = {
				ALWAYS_EMBED_SWIFT_STANDARD_LIBRARIES = YES;
				CODE_SIGN_STYLE = Automatic;
				CURRENT_PROJECT_VERSION = 1;
				GENERATE_INFOPLIST_FILE = YES;
				MARKETING_VERSION = 1.0;
				PRODUCT_BUNDLE_IDENTIFIER = dinhtho.WeatherAppUITests;
				PRODUCT_NAME = "$(TARGET_NAME)";
				SWIFT_EMIT_LOC_STRINGS = NO;
				SWIFT_VERSION = 5.0;
				TARGETED_DEVICE_FAMILY = "1,2";
				TEST_TARGET_NAME = WeatherApp;
			};
			name = Release;
		};
/* End XCBuildConfiguration section */

/* Begin XCConfigurationList section */
		C5D4262C2A0E12810055AA8C /* Build configuration list for PBXProject "WeatherApp" */ = {
			isa = XCConfigurationList;
			buildConfigurations = (
				C5D426532A0E12820055AA8C /* Debug */,
				C5D426542A0E12820055AA8C /* Release */,
			);
			defaultConfigurationIsVisible = 0;
			defaultConfigurationName = Release;
		};
		C5D426552A0E12820055AA8C /* Build configuration list for PBXNativeTarget "WeatherApp" */ = {
			isa = XCConfigurationList;
			buildConfigurations = (
				C5D426562A0E12820055AA8C /* Debug */,
				C5D426572A0E12820055AA8C /* Release */,
			);
			defaultConfigurationIsVisible = 0;
			defaultConfigurationName = Release;
		};
		C5D426582A0E12820055AA8C /* Build configuration list for PBXNativeTarget "WeatherAppTests" */ = {
			isa = XCConfigurationList;
			buildConfigurations = (
				C5D426592A0E12820055AA8C /* Debug */,
				C5D4265A2A0E12820055AA8C /* Release */,
			);
			defaultConfigurationIsVisible = 0;
			defaultConfigurationName = Release;
		};
		C5D4265B2A0E12820055AA8C /* Build configuration list for PBXNativeTarget "WeatherAppUITests" */ = {
			isa = XCConfigurationList;
			buildConfigurations = (
				C5D4265C2A0E12820055AA8C /* Debug */,
				C5D4265D2A0E12820055AA8C /* Release */,
			);
			defaultConfigurationIsVisible = 0;
			defaultConfigurationName = Release;
		};
/* End XCConfigurationList section */
	};
	rootObject = C5D426292A0E12810055AA8C /* Project object */;
}
